
Microsoft Visual Studio Solution File, Format Version 12.00
# Visual Studio Version 16
VisualStudioVersion = 16.0.29503.13
MinimumVisualStudioVersion = 10.0.40219.1
Project("{FAE04EC0-301F-11D3-BF4B-00C04F79EFBC}") = "ManageOrdersApp.Core", "ManageOrdersApp.Core\ManageOrdersApp.Core.csproj", "{20C7D813-645F-454A-8394-95B262FC27C3}"
EndProject
Project("{FAE04EC0-301F-11D3-BF4B-00C04F79EFBC}") = "ManagerOrdersApp.BLL", "ManagerOrdersApp.BL\ManagerOrdersApp.BLL.csproj", "{15C21C09-0177-40D4-A43B-1057A25445EA}"
EndProject
Project("{FAE04EC0-301F-11D3-BF4B-00C04F79EFBC}") = "ManagerOrdersApp.DemoConsole", "ManagerOrdersApp.DemoConsole\ManagerOrdersApp.DemoConsole.csproj", "{6BD49C49-8DBE-44DE-9243-B7DD84D9724B}"
EndProject
Project("{FAE04EC0-301F-11D3-BF4B-00C04F79EFBC}") = "ManageOrdersApp.DAL", "ManageOrdersApp.DAL\ManageOrdersApp.DAL.csproj", "{1FC3F9F0-1DA8-4462-9CD0-82A20920985F}"
EndProject
Global
	GlobalSection(SolutionConfigurationPlatforms) = preSolution
		Debug|Any CPU = Debug|Any CPU
		Release|Any CPU = Release|Any CPU
	EndGlobalSection
	GlobalSection(ProjectConfigurationPlatforms) = postSolution
		{20C7D813-645F-454A-8394-95B262FC27C3}.Debug|Any CPU.ActiveCfg = Debug|Any CPU
		{20C7D813-645F-454A-8394-95B262FC27C3}.Debug|Any CPU.Build.0 = Debug|Any CPU
		{20C7D813-645F-454A-8394-95B262FC27C3}.Release|Any CPU.ActiveCfg = Release|Any CPU
		{20C7D813-645F-454A-8394-95B262FC27C3}.Release|Any CPU.Build.0 = Release|Any CPU
		{15C21C09-0177-40D4-A43B-1057A25445EA}.Debug|Any CPU.ActiveCfg = Debug|Any CPU
		{15C21C09-0177-40D4-A43B-1057A25445EA}.Debug|Any CPU.Build.0 = Debug|Any CPU
		{15C21C09-0177-40D4-A43B-1057A25445EA}.Release|Any CPU.ActiveCfg = Release|Any CPU
		{15C21C09-0177-40D4-A43B-1057A25445EA}.Release|Any CPU.Build.0 = Release|Any CPU
		{6BD49C49-8DBE-44DE-9243-B7DD84D9724B}.Debug|Any CPU.ActiveCfg = Debug|Any CPU
		{6BD49C49-8DBE-44DE-9243-B7DD84D9724B}.Debug|Any CPU.Build.0 = Debug|Any CPU
		{6BD49C49-8DBE-44DE-9243-B7DD84D9724B}.Release|Any CPU.ActiveCfg = Release|Any CPU
		{6BD49C49-8DBE-44DE-9243-B7DD84D9724B}.Release|Any CPU.Build.0 = Release|Any CPU
		{1FC3F9F0-1DA8-4462-9CD0-82A20920985F}.Debug|Any CPU.ActiveCfg = Debug|Any CPU
		{1FC3F9F0-1DA8-4462-9CD0-82A20920985F}.Debug|Any CPU.Build.0 = Debug|Any CPU
		{1FC3F9F0-1DA8-4462-9CD0-82A20920985F}.Release|Any CPU.ActiveCfg = Release|Any CPU
		{1FC3F9F0-1DA8-4462-9CD0-82A20920985F}.Release|Any CPU.Build.0 = Release|Any CPU
	EndGlobalSection
	GlobalSection(SolutionProperties) = preSolution
		HideSolutionNode = FALSE
	EndGlobalSection
	GlobalSection(ExtensibilityGlobals) = postSolution
		SolutionGuid = {3409DDBF-7F08-428F-B97A-5B768476E914}
	EndGlobalSection
EndGlobal
